
Microsoft Visual Studio Solution File, Format Version 12.00
# Visual Studio Version 17
VisualStudioVersion = 17.12.35527.113
MinimumVisualStudioVersion = 10.0.40219.1
Project("{FAE04EC0-301F-11D3-BF4B-00C04F79EFBC}") = "Dungeon Slime", "Dungeon Slime\Dungeon Slime.csproj", "{A2981C9C-9B54-40A4-9829-E978616BAD4F}"
EndProject
Project("{FAE04EC0-301F-11D3-BF4B-00C04F79EFBC}") = "MonoGameLibrary", "MonoGameLibrary\MonoGameLibrary.csproj", "{2898FCD7-5F39-4364-B223-65ABE3F4C2C0}"
EndProject
Global
	GlobalSection(SolutionConfigurationPlatforms) = preSolution
		Debug|Any CPU = Debug|Any CPU
		Release|Any CPU = Release|Any CPU
	EndGlobalSection
	GlobalSection(ProjectConfigurationPlatforms) = postSolution
		{A2981C9C-9B54-40A4-9829-E978616BAD4F}.Debug|Any CPU.ActiveCfg = Debug|Any CPU
		{A2981C9C-9B54-40A4-9829-E978616BAD4F}.Debug|Any CPU.Build.0 = Debug|Any CPU
		{A2981C9C-9B54-40A4-9829-E978616BAD4F}.Release|Any CPU.ActiveCfg = Release|Any CPU
		{A2981C9C-9B54-40A4-9829-E978616BAD4F}.Release|Any CPU.Build.0 = Release|Any CPU
		{2898FCD7-5F39-4364-B223-65ABE3F4C2C0}.Debug|Any CPU.ActiveCfg = Debug|Any CPU
		{2898FCD7-5F39-4364-B223-65ABE3F4C2C0}.Debug|Any CPU.Build.0 = Debug|Any CPU
		{2898FCD7-5F39-4364-B223-65ABE3F4C2C0}.Release|Any CPU.ActiveCfg = Release|Any CPU
		{2898FCD7-5F39-4364-B223-65ABE3F4C2C0}.Release|Any CPU.Build.0 = Release|Any CPU
	EndGlobalSection
	GlobalSection(SolutionProperties) = preSolution
		HideSolutionNode = FALSE
	EndGlobalSection
EndGlobal
